# @generated - this file is auto-generated by `mise lock` https://mise.jdx.dev/dev-tools/mise-lock.html

[[tools.bun]]
version = "1.3.8"
backend = "core:bun"

[tools.bun."platforms.linux-arm64"]
checksum = "sha256:4e9deb6814a7ec7f68725ddd97d0d7b4065bcda9a850f69d497567e995a7fa33"
url = "https://github.com/oven-sh/bun/releases/download/bun-v1.3.8/bun-linux-aarch64.zip"

[tools.bun."platforms.linux-arm64-musl"]
checksum = "sha256:76dddebfd8c011c8b774991eb8ba47da770e4ce06ddc2b045aa0d659ef5fbe44"
url = "https://github.com/oven-sh/bun/releases/download/bun-v1.3.8/bun-linux-aarch64-musl.zip"

[tools.bun."platforms.linux-x64"]
checksum = "sha256:0322b17f0722da76a64298aad498225aedcbf6df1008a1dee45e16ecb226a3f1"
url = "https://github.com/oven-sh/bun/releases/download/bun-v1.3.8/bun-linux-x64.zip"

[tools.bun."platforms.linux-x64-baseline"]
checksum = "sha256:bbe4632ac03d7495177d542ecefa8f21f9849273106525f6bb13172ec8e4ab2c"
url = "https://github.com/oven-sh/bun/releases/download/bun-v1.3.8/bun-linux-x64-baseline.zip"

[tools.bun."platforms.linux-x64-musl"]
checksum = "sha256:a810b5083a830596cff3715402371917a200940efdeed6189bcde191e79d4633"
url = "https://github.com/oven-sh/bun/releases/download/bun-v1.3.8/bun-linux-x64-musl.zip"

[tools.bun."platforms.linux-x64-musl-baseline"]
checksum = "sha256:f05311fc12304ff8eaca136fc934eede6728055ba3d00cdb7e7dac394853f159"
url = "https://github.com/oven-sh/bun/releases/download/bun-v1.3.8/bun-linux-x64-musl-baseline.zip"

[tools.bun."platforms.macos-arm64"]
checksum = "sha256:672a0a9a7b744d085a1d2219ca907e3e26f5579fca9e783a9510a4f98a36212f"
url = "https://github.com/oven-sh/bun/releases/download/bun-v1.3.8/bun-darwin-aarch64.zip"

[tools.bun."platforms.macos-x64"]
checksum = "sha256:4a0ecd703b37d66abaf51e5bc24fd1249e8dc392c17ee6235710cf51a0988b85"
url = "https://github.com/oven-sh/bun/releases/download/bun-v1.3.8/bun-darwin-x64.zip"

[tools.bun."platforms.macos-x64-baseline"]
checksum = "sha256:9812e5f6c7f818ef9c491e05a77481ab2e7a4a1580b378526e1611c102fe7ca3"
url = "https://github.com/oven-sh/bun/releases/download/bun-v1.3.8/bun-darwin-x64-baseline.zip"

[tools.bun."platforms.windows-x64"]
checksum = "sha256:4c0a82866424e23d1bdaa9517307ec2f143ed513c15546dba0b859c6c55c47c7"
url = "https://github.com/oven-sh/bun/releases/download/bun-v1.3.8/bun-windows-x64.zip"

[tools.bun."platforms.windows-x64-baseline"]
checksum = "sha256:74f4dad7b4873ee70f63add9918400334e31acab9ba3fce9ef9906d96646e231"
url = "https://github.com/oven-sh/bun/releases/download/bun-v1.3.8/bun-windows-x64-baseline.zip"

[[tools."cargo:cargo-dist"]]
version = "0.32.0"
backend = "cargo:cargo-dist"

[[tools."cargo:cargo-llvm-cov"]]
version = "0.8.7"
backend = "cargo:cargo-llvm-cov"

[[tools.node]]
version = "24.18.0"
backend = "core:node"

[tools.node."platforms.linux-arm64"]
checksum = "sha256:6b4484c2190274175df9aa8f28e2d758a819cb1c1fe6ab481e2f95b463ab8508"
url = "https://nodejs.org/dist/v24.18.0/node-v24.18.0-linux-arm64.tar.gz"

[tools.node."platforms.linux-arm64-musl"]
checksum = "sha256:b1c6c2dc31b46dd8fb2322f4fe75b07e775c5120bc37251deeea28f529d4567b"
url = "https://unofficial-builds.nodejs.org/download/release/v24.18.0/node-v24.18.0-linux-arm64-musl.tar.gz"

[tools.node."platforms.linux-x64"]
checksum = "sha256:783130984963db7ba9cbd01089eaf2c2efb055c7c1693c943174b967b3050cb8"
url = "https://nodejs.org/dist/v24.18.0/node-v24.18.0-linux-x64.tar.gz"

[tools.node."platforms.linux-x64-baseline"]
checksum = "sha256:783130984963db7ba9cbd01089eaf2c2efb055c7c1693c943174b967b3050cb8"
url = "https://nodejs.org/dist/v24.18.0/node-v24.18.0-linux-x64.tar.gz"

[tools.node."platforms.linux-x64-musl"]
checksum = "sha256:ea58409911e141ec6b19d9178efa2d9185a13295005b1cbf5521b3157eed1d95"
url = "https://unofficial-builds.nodejs.org/download/release/v24.18.0/node-v24.18.0-linux-x64-musl.tar.gz"

[tools.node."platforms.linux-x64-musl-baseline"]
checksum = "sha256:ea58409911e141ec6b19d9178efa2d9185a13295005b1cbf5521b3157eed1d95"
url = "https://unofficial-builds.nodejs.org/download/release/v24.18.0/node-v24.18.0-linux-x64-musl.tar.gz"

[tools.node."platforms.macos-arm64"]
checksum = "sha256:e1a97e14c99c803e96c7339403282ea05a499c32f8d83defe9ef5ec66f979ed1"
url = "https://nodejs.org/dist/v24.18.0/node-v24.18.0-darwin-arm64.tar.gz"

[tools.node."platforms.macos-x64"]
checksum = "sha256:dfd0dbd3e721503434df7b7205e719f61b3a3a31b2bcf9729b8b91fea240f080"
url = "https://nodejs.org/dist/v24.18.0/node-v24.18.0-darwin-x64.tar.gz"

[tools.node."platforms.macos-x64-baseline"]
checksum = "sha256:dfd0dbd3e721503434df7b7205e719f61b3a3a31b2bcf9729b8b91fea240f080"
url = "https://nodejs.org/dist/v24.18.0/node-v24.18.0-darwin-x64.tar.gz"

[tools.node."platforms.windows-x64"]
checksum = "sha256:0ae68406b42d7725661da979b1403ec9926da205c6770827f33aac9d8f26e821"
url = "https://nodejs.org/dist/v24.18.0/node-v24.18.0-win-x64.zip"

[tools.node."platforms.windows-x64-baseline"]
checksum = "sha256:0ae68406b42d7725661da979b1403ec9926da205c6770827f33aac9d8f26e821"
url = "https://nodejs.org/dist/v24.18.0/node-v24.18.0-win-x64.zip"

[[tools."npm:@fission-ai/openspec"]]
version = "1.5.0"
backend = "npm:@fission-ai/openspec"

[[tools.rust]]
version = "1.95.0"
backend = "core:rust"

[tools.rust.options]
components = "clippy,llvm-tools-preview,rustfmt"
